
Microsoft Visual Studio Solution File, Format Version 12.00
# Visual Studio 15
VisualStudioVersion = 15.0.27428.2005
MinimumVisualStudioVersion = 10.0.40219.1
Project("{FAE04EC0-301F-11D3-BF4B-00C04F79EFBC}") = "BizDataLibrary", "BizDataLibrary\BizDataLibrary.csproj", "{073CB47B-353B-4BED-A144-C057BFDAD5E9}"
EndProject
Project("{FAE04EC0-301F-11D3-BF4B-00C04F79EFBC}") = "BizDataTest001", "BizDataTest001\BizDataTest001.csproj", "{E3640754-F1CF-4989-88A9-E63D056345FC}"
EndProject
Project("{FAE04EC0-301F-11D3-BF4B-00C04F79EFBC}") = "BuildSchoolBizApp", "BuildSchoolBizApp\BuildSchoolBizApp.csproj", "{CCA4F703-31E0-491C-8F98-3C4970171E37}"
EndProject
Global
	GlobalSection(SolutionConfigurationPlatforms) = preSolution
		Debug|Any CPU = Debug|Any CPU
		Release|Any CPU = Release|Any CPU
	EndGlobalSection
	GlobalSection(ProjectConfigurationPlatforms) = postSolution
		{073CB47B-353B-4BED-A144-C057BFDAD5E9}.Debug|Any CPU.ActiveCfg = Debug|Any CPU
		{073CB47B-353B-4BED-A144-C057BFDAD5E9}.Debug|Any CPU.Build.0 = Debug|Any CPU
		{073CB47B-353B-4BED-A144-C057BFDAD5E9}.Release|Any CPU.ActiveCfg = Release|Any CPU
		{073CB47B-353B-4BED-A144-C057BFDAD5E9}.Release|Any CPU.Build.0 = Release|Any CPU
		{E3640754-F1CF-4989-88A9-E63D056345FC}.Debug|Any CPU.ActiveCfg = Debug|Any CPU
		{E3640754-F1CF-4989-88A9-E63D056345FC}.Debug|Any CPU.Build.0 = Debug|Any CPU
		{E3640754-F1CF-4989-88A9-E63D056345FC}.Release|Any CPU.ActiveCfg = Release|Any CPU
		{E3640754-F1CF-4989-88A9-E63D056345FC}.Release|Any CPU.Build.0 = Release|Any CPU
		{CCA4F703-31E0-491C-8F98-3C4970171E37}.Debug|Any CPU.ActiveCfg = Debug|Any CPU
		{CCA4F703-31E0-491C-8F98-3C4970171E37}.Debug|Any CPU.Build.0 = Debug|Any CPU
		{CCA4F703-31E0-491C-8F98-3C4970171E37}.Release|Any CPU.ActiveCfg = Release|Any CPU
		{CCA4F703-31E0-491C-8F98-3C4970171E37}.Release|Any CPU.Build.0 = Release|Any CPU
	EndGlobalSection
	GlobalSection(SolutionProperties) = preSolution
		HideSolutionNode = FALSE
	EndGlobalSection
	GlobalSection(ExtensibilityGlobals) = postSolution
		SolutionGuid = {AAD65537-D010-4343-AB20-0310A4226FD1}
	EndGlobalSection
EndGlobal
